
Microsoft Visual Studio Solution File, Format Version 12.00
# Visual Studio 15
VisualStudioVersion = 15.0.26730.3
MinimumVisualStudioVersion = 10.0.40219.1
Project("{FAE04EC0-301F-11D3-BF4B-00C04F79EFBC}") = "Factory", "Factory\Factory.csproj", "{59B406C1-A476-40AA-9F1E-CE0DC5A9FF1A}"
EndProject
Project("{FAE04EC0-301F-11D3-BF4B-00C04F79EFBC}") = "AbstractFactory", "AbstractFactory\AbstractFactory.csproj", "{2E8269DF-66C6-4998-AF2E-7ACB7921010F}"
EndProject
Project("{FAE04EC0-301F-11D3-BF4B-00C04F79EFBC}") = "Facade", "Facade\Facade.csproj", "{C4B6C391-C1FD-41AF-BFD0-B1A9D170F280}"
EndProject
Global
	GlobalSection(SolutionConfigurationPlatforms) = preSolution
		Debug|Any CPU = Debug|Any CPU
		Release|Any CPU = Release|Any CPU
	EndGlobalSection
	GlobalSection(ProjectConfigurationPlatforms) = postSolution
		{59B406C1-A476-40AA-9F1E-CE0DC5A9FF1A}.Debug|Any CPU.ActiveCfg = Debug|Any CPU
		{59B406C1-A476-40AA-9F1E-CE0DC5A9FF1A}.Debug|Any CPU.Build.0 = Debug|Any CPU
		{59B406C1-A476-40AA-9F1E-CE0DC5A9FF1A}.Release|Any CPU.ActiveCfg = Release|Any CPU
		{59B406C1-A476-40AA-9F1E-CE0DC5A9FF1A}.Release|Any CPU.Build.0 = Release|Any CPU
		{2E8269DF-66C6-4998-AF2E-7ACB7921010F}.Debug|Any CPU.ActiveCfg = Debug|Any CPU
		{2E8269DF-66C6-4998-AF2E-7ACB7921010F}.Debug|Any CPU.Build.0 = Debug|Any CPU
		{2E8269DF-66C6-4998-AF2E-7ACB7921010F}.Release|Any CPU.ActiveCfg = Release|Any CPU
		{2E8269DF-66C6-4998-AF2E-7ACB7921010F}.Release|Any CPU.Build.0 = Release|Any CPU
		{C4B6C391-C1FD-41AF-BFD0-B1A9D170F280}.Debug|Any CPU.ActiveCfg = Debug|Any CPU
		{C4B6C391-C1FD-41AF-BFD0-B1A9D170F280}.Debug|Any CPU.Build.0 = Debug|Any CPU
		{C4B6C391-C1FD-41AF-BFD0-B1A9D170F280}.Release|Any CPU.ActiveCfg = Release|Any CPU
		{C4B6C391-C1FD-41AF-BFD0-B1A9D170F280}.Release|Any CPU.Build.0 = Release|Any CPU
	EndGlobalSection
	GlobalSection(SolutionProperties) = preSolution
		HideSolutionNode = FALSE
	EndGlobalSection
	GlobalSection(ExtensibilityGlobals) = postSolution
		SolutionGuid = {08105B4B-1EF3-4F09-A233-5A3A8F54D169}
	EndGlobalSection
EndGlobal
